
Microsoft Visual Studio Solution File, Format Version 12.00
# Visual Studio 15
VisualStudioVersion = 15.0.28307.489
MinimumVisualStudioVersion = 10.0.40219.1
Project("{9A19103F-16F7-4668-BE54-9A1E7A4F7556}") = "ProjectWorks.Api", "ProjectWorks.Api\ProjectWorks.Api.csproj", "{BC7A907D-F84D-40DD-8BB9-B484428C21B5}"
EndProject
Project("{2150E333-8FDC-42A3-9474-1A3956D46DE8}") = "BackEnd", "BackEnd", "{D458E1FC-AC1D-40A0-8CD2-E156153105C4}"
EndProject
Project("{9A19103F-16F7-4668-BE54-9A1E7A4F7556}") = "ProjectWorks.Data", "ProjectWorks.Data\ProjectWorks.Data.csproj", "{5EA8A683-8FA3-4FE2-9F9A-59C556223444}"
EndProject
Project("{9A19103F-16F7-4668-BE54-9A1E7A4F7556}") = "ProjectWorks.Task", "ProjectWorks.Task\ProjectWorks.Task.csproj", "{D724E2BF-16E6-42E9-893B-F8D2839B439C}"
EndProject
Project("{2150E333-8FDC-42A3-9474-1A3956D46DE8}") = "FrontEnd", "FrontEnd", "{55157EA4-64A7-460C-B28D-E2119C55E70D}"
EndProject
Project("{9A19103F-16F7-4668-BE54-9A1E7A4F7556}") = "FrontEnd.DashBoard", "FrontEnd.DashBoard\FrontEnd.DashBoard.csproj", "{4956B888-87C4-40A4-A110-CF919784454E}"
EndProject
Project("{9A19103F-16F7-4668-BE54-9A1E7A4F7556}") = "ProjectWorks.AmrApp", "ProjectWorks.AmrApp\ProjectWorks.AmrApp.csproj", "{E9F96EC3-A0A1-434B-90E8-5E9DD1F11809}"
EndProject
Global
	GlobalSection(SolutionConfigurationPlatforms) = preSolution
		Debug|Any CPU = Debug|Any CPU
		Release|Any CPU = Release|Any CPU
	EndGlobalSection
	GlobalSection(ProjectConfigurationPlatforms) = postSolution
		{BC7A907D-F84D-40DD-8BB9-B484428C21B5}.Debug|Any CPU.ActiveCfg = Debug|Any CPU
		{BC7A907D-F84D-40DD-8BB9-B484428C21B5}.Debug|Any CPU.Build.0 = Debug|Any CPU
		{BC7A907D-F84D-40DD-8BB9-B484428C21B5}.Release|Any CPU.ActiveCfg = Debug|Any CPU
		{BC7A907D-F84D-40DD-8BB9-B484428C21B5}.Release|Any CPU.Build.0 = Debug|Any CPU
		{5EA8A683-8FA3-4FE2-9F9A-59C556223444}.Debug|Any CPU.ActiveCfg = Debug|Any CPU
		{5EA8A683-8FA3-4FE2-9F9A-59C556223444}.Debug|Any CPU.Build.0 = Debug|Any CPU
		{5EA8A683-8FA3-4FE2-9F9A-59C556223444}.Release|Any CPU.ActiveCfg = Debug|Any CPU
		{5EA8A683-8FA3-4FE2-9F9A-59C556223444}.Release|Any CPU.Build.0 = Debug|Any CPU
		{D724E2BF-16E6-42E9-893B-F8D2839B439C}.Debug|Any CPU.ActiveCfg = Debug|Any CPU
		{D724E2BF-16E6-42E9-893B-F8D2839B439C}.Debug|Any CPU.Build.0 = Debug|Any CPU
		{D724E2BF-16E6-42E9-893B-F8D2839B439C}.Release|Any CPU.ActiveCfg = Debug|Any CPU
		{D724E2BF-16E6-42E9-893B-F8D2839B439C}.Release|Any CPU.Build.0 = Debug|Any CPU
		{4956B888-87C4-40A4-A110-CF919784454E}.Debug|Any CPU.ActiveCfg = Debug|Any CPU
		{4956B888-87C4-40A4-A110-CF919784454E}.Release|Any CPU.ActiveCfg = Debug|Any CPU
		{E9F96EC3-A0A1-434B-90E8-5E9DD1F11809}.Debug|Any CPU.ActiveCfg = Debug|Any CPU
		{E9F96EC3-A0A1-434B-90E8-5E9DD1F11809}.Debug|Any CPU.Build.0 = Debug|Any CPU
		{E9F96EC3-A0A1-434B-90E8-5E9DD1F11809}.Release|Any CPU.ActiveCfg = Release|Any CPU
		{E9F96EC3-A0A1-434B-90E8-5E9DD1F11809}.Release|Any CPU.Build.0 = Release|Any CPU
	EndGlobalSection
	GlobalSection(SolutionProperties) = preSolution
		HideSolutionNode = FALSE
	EndGlobalSection
	GlobalSection(NestedProjects) = preSolution
		{BC7A907D-F84D-40DD-8BB9-B484428C21B5} = {D458E1FC-AC1D-40A0-8CD2-E156153105C4}
		{5EA8A683-8FA3-4FE2-9F9A-59C556223444} = {D458E1FC-AC1D-40A0-8CD2-E156153105C4}
		{D724E2BF-16E6-42E9-893B-F8D2839B439C} = {D458E1FC-AC1D-40A0-8CD2-E156153105C4}
		{4956B888-87C4-40A4-A110-CF919784454E} = {55157EA4-64A7-460C-B28D-E2119C55E70D}
		{E9F96EC3-A0A1-434B-90E8-5E9DD1F11809} = {D458E1FC-AC1D-40A0-8CD2-E156153105C4}
	EndGlobalSection
	GlobalSection(ExtensibilityGlobals) = postSolution
		SolutionGuid = {7A26A259-02F6-494A-8269-935051DA891E}
	EndGlobalSection
EndGlobal
